
Microsoft Visual Studio Solution File, Format Version 12.00
# Visual Studio Version 16
VisualStudioVersion = 16.0.31702.278
MinimumVisualStudioVersion = 10.0.40219.1
Project("{FAE04EC0-301F-11D3-BF4B-00C04F79EFBC}") = "VehicleInsurancePolicyApp.Web", "VehicleInsurancePolicyApp.Web\VehicleInsurancePolicyApp.Web.csproj", "{C16A9889-B409-43E1-AB6B-CFC6CDEE7399}"
EndProject
Project("{FAE04EC0-301F-11D3-BF4B-00C04F79EFBC}") = "VehicleInsurancePolicyApp.Core", "VehicleInsurancePolicyApp.Core\VehicleInsurancePolicyApp.Core.csproj", "{05863F25-77A0-43B8-9C45-B9696E18B5A6}"
EndProject
Global
	GlobalSection(SolutionConfigurationPlatforms) = preSolution
		Debug|Any CPU = Debug|Any CPU
		Release|Any CPU = Release|Any CPU
	EndGlobalSection
	GlobalSection(ProjectConfigurationPlatforms) = postSolution
		{C16A9889-B409-43E1-AB6B-CFC6CDEE7399}.Debug|Any CPU.ActiveCfg = Debug|Any CPU
		{C16A9889-B409-43E1-AB6B-CFC6CDEE7399}.Debug|Any CPU.Build.0 = Debug|Any CPU
		{C16A9889-B409-43E1-AB6B-CFC6CDEE7399}.Release|Any CPU.ActiveCfg = Release|Any CPU
		{C16A9889-B409-43E1-AB6B-CFC6CDEE7399}.Release|Any CPU.Build.0 = Release|Any CPU
		{05863F25-77A0-43B8-9C45-B9696E18B5A6}.Debug|Any CPU.ActiveCfg = Debug|Any CPU
		{05863F25-77A0-43B8-9C45-B9696E18B5A6}.Debug|Any CPU.Build.0 = Debug|Any CPU
		{05863F25-77A0-43B8-9C45-B9696E18B5A6}.Release|Any CPU.ActiveCfg = Release|Any CPU
		{05863F25-77A0-43B8-9C45-B9696E18B5A6}.Release|Any CPU.Build.0 = Release|Any CPU
	EndGlobalSection
	GlobalSection(SolutionProperties) = preSolution
		HideSolutionNode = FALSE
	EndGlobalSection
	GlobalSection(ExtensibilityGlobals) = postSolution
		SolutionGuid = {8D2792E9-AA30-4F7D-B82A-953F7973EDC5}
	EndGlobalSection
EndGlobal
